lockfileVersion: '9.0'

settings:
  autoInstallPeers: true
  excludeLinksFromLockfile: false

importers:

  .:
    devDependencies:
      '@types/react':
        specifier: ^19.2.14
        version: 19.2.14
      asma-types:
        specifier: ^2.0.54
        version: 2.0.54
      history:
        specifier: ^5.3.0
        version: 5.3.0
      mobx-state-tree:
        specifier: '>=5.1.8 <8'
        version: 5.1.8(mobx@6.15.0)
      react:
        specifier: ^19.2.0
        version: 19.2.5
      typescript:
        specifier: ^6.0.2
        version: 6.0.2

packages:

  '@babel/runtime@7.22.3':
    resolution: {integrity: sha512-XsDuspWKLUsxwCp6r7EhsExHtYfbe5oAGQ19kqngTdCPUoPQzOPdUbD/pB9PJiwb2ptYKQDjSJT3R6dC+EPqfQ==}
    engines: {node: '>=6.9.0'}

  '@types/react@19.2.14':
    resolution: {integrity: sha512-ilcTH/UniCkMdtexkoCN0bI7pMcJDvmQFPvuPvmEaYA/NSfFTAgdUSLAoVjaRJm7+6PvcM+q1zYOwS4wTYMF9w==}

  asma-types@2.0.54:
    resolution: {integrity: sha512-SKzjw1nPAEJA3MBVicDzBVnQQwt5VT5npYCNBMPnXky2ZKnn3eWk8qpIxlooAbR/3xljnkFyycAkxstX1RZHdw==}

  csstype@3.2.3:
    resolution: {integrity: sha512-z1HGKcYy2xA8AGQfwrn0PAy+PB7X/GSj3UVJW9qKyn43xWa+gl5nXmU4qqLMRzWVLFC8KusUX8T/0kCiOYpAIQ==}

  history@5.3.0:
    resolution: {integrity: sha512-ZqaKwjjrAYUYfLG+htGaIIZ4nioX2L70ZUMIFysS3xvBsSG4x/n1V6TXV3N8ZYNuFGlDirFg32T7B6WOUPDYcQ==}

  mobx-state-tree@5.1.8:
    resolution: {integrity: sha512-oe82BNgMr408e6DxMDNat8msXQTuyuqzJ97DPupbhchEfjjHyjsmPSwtXHl+nXiW3tybpb/cr5siUClBqKqv+Q==}
    peerDependencies:
      mobx: ^6.3.0

  mobx@6.15.0:
    resolution: {integrity: sha512-UczzB+0nnwGotYSgllfARAqWCJ5e/skuV2K/l+Zyck/H6pJIhLXuBnz+6vn2i211o7DtbE78HQtsYEKICHGI+g==}

  react@19.2.5:
    resolution: {integrity: sha512-llUJLzz1zTUBrskt2pwZgLq59AemifIftw4aB7JxOqf1HY2FDaGDxgwpAPVzHU1kdWabH7FauP4i1oEeer2WCA==}
    engines: {node: '>=0.10.0'}

  regenerator-runtime@0.13.11:
    resolution: {integrity: sha512-kY1AZVr2Ra+t+piVaJ4gxaFaReZVH40AKNo7UCX6W+dEwBo/2oZJzqfuN1qLq1oL45o56cPaTXELwrTh8Fpggg==}

  typescript@6.0.2:
    resolution: {integrity: sha512-bGdAIrZ0wiGDo5l8c++HWtbaNCWTS4UTv7RaTH/ThVIgjkveJt83m74bBHMJkuCbslY8ixgLBVZJIOiQlQTjfQ==}
    engines: {node: '>=14.17'}
    hasBin: true

snapshots:

  '@babel/runtime@7.22.3':
    dependencies:
      regenerator-runtime: 0.13.11

  '@types/react@19.2.14':
    dependencies:
      csstype: 3.2.3

  asma-types@2.0.54: {}

  csstype@3.2.3: {}

  history@5.3.0:
    dependencies:
      '@babel/runtime': 7.22.3

  mobx-state-tree@5.1.8(mobx@6.15.0):
    dependencies:
      mobx: 6.15.0

  mobx@6.15.0: {}

  react@19.2.5: {}

  regenerator-runtime@0.13.11: {}

  typescript@6.0.2: {}
