lockfileVersion: '6.1'

settings:
  autoInstallPeers: true
  excludeLinksFromLockfile: false

devDependencies:
  '@types/react':
    specifier: 18.0.28
    version: 18.0.28
  asma-types:
    specifier: ^1.3.3
    version: 1.3.3
  history:
    specifier: ^5.3.0
    version: 5.3.0
  mobx-devtools-mst:
    specifier: ^0.9.30
    version: 0.9.30(mobx-state-tree@5.1.8)
  mobx-state-tree:
    specifier: ^5.1.8
    version: 5.1.8
  react:
    specifier: ^18.2.0
    version: 18.2.0
  typescript:
    specifier: ^5.0.4
    version: 5.0.4

packages:

  /@babel/runtime@7.22.3:
    resolution: {integrity: sha512-XsDuspWKLUsxwCp6r7EhsExHtYfbe5oAGQ19kqngTdCPUoPQzOPdUbD/pB9PJiwb2ptYKQDjSJT3R6dC+EPqfQ==}
    engines: {node: '>=6.9.0'}
    dependencies:
      regenerator-runtime: 0.13.11
    dev: true

  /@types/prop-types@15.7.5:
    resolution: {integrity: sha512-JCB8C6SnDoQf0cNycqd/35A7MjcnK+ZTqE7judS6o7utxUCg6imJg3QK2qzHKszlTjcj2cn+NwMB2i96ubpj7w==}
    dev: true

  /@types/react@18.0.28:
    resolution: {integrity: sha512-RD0ivG1kEztNBdoAK7lekI9M+azSnitIn85h4iOiaLjaTrMjzslhaqCGaI4IyCJ1RljWiLCEu4jyrLLgqxBTew==}
    dependencies:
      '@types/prop-types': 15.7.5
      '@types/scheduler': 0.16.3
      csstype: 3.1.2
    dev: true

  /@types/scheduler@0.16.3:
    resolution: {integrity: sha512-5cJ8CB4yAx7BH1oMvdU0Jh9lrEXyPkar6F9G/ERswkCuvP4KQZfZkSjcMbAICCpQTN4OuZn8tz0HiKv9TGZgrQ==}
    dev: true

  /asma-types@1.3.3:
    resolution: {integrity: sha512-oR06kXW6BqneN9ZNe/XB+g3i+v/GesBByi+YlRoMLR4i9RbG/L1q5+SIX5wOD7uKSgSJJ+5e4O0zLOlbmxRnPQ==}
    dev: true

  /csstype@3.1.2:
    resolution: {integrity: sha512-I7K1Uu0MBPzaFKg4nI5Q7Vs2t+3gWWW648spaF+Rg7pI9ds18Ugn+lvg4SHczUdKlHI5LWBXyqfS8+DufyBsgQ==}
    dev: true

  /history@5.3.0:
    resolution: {integrity: sha512-ZqaKwjjrAYUYfLG+htGaIIZ4nioX2L70ZUMIFysS3xvBsSG4x/n1V6TXV3N8ZYNuFGlDirFg32T7B6WOUPDYcQ==}
    dependencies:
      '@babel/runtime': 7.22.3
    dev: true

  /js-tokens@4.0.0:
    resolution: {integrity: sha512-RdJUflcE3cUzKiMqQgsCu06FPu9UdIJO0beYbPhHN4k6apgJtifcoCtT9bcxOpYBtpD2kCM6Sbzg4CausW/PKQ==}
    dev: true

  /loose-envify@1.4.0:
    resolution: {integrity: sha512-lyuxPGr/Wfhrlem2CL/UcnUc1zcqKAImBDzukY7Y5F/yQiNdko6+fRLevlw1HgMySw7f611UIY408EtxRSoK3Q==}
    hasBin: true
    dependencies:
      js-tokens: 4.0.0
    dev: true

  /mobx-devtools-mst@0.9.30(mobx-state-tree@5.1.8):
    resolution: {integrity: sha512-6fIYeFG4xT4syIeKddmK55zQbc3ZZZr/272/cCbfaAAM5YiuFdteGZGUgdsz8wxf/mGxWZbFOM3WmASAnpwrbw==}
    peerDependencies:
      mobx: ^2.2.0 || ^3.0.0 || ^4.0.0 || ^5.0.0
      mobx-state-tree: '*'
    dependencies:
      mobx-state-tree: 5.1.8
    dev: true

  /mobx-state-tree@5.1.8:
    resolution: {integrity: sha512-oe82BNgMr408e6DxMDNat8msXQTuyuqzJ97DPupbhchEfjjHyjsmPSwtXHl+nXiW3tybpb/cr5siUClBqKqv+Q==}
    peerDependencies:
      mobx: ^6.3.0
    dev: true

  /react@18.2.0:
    resolution: {integrity: sha512-/3IjMdb2L9QbBdWiW5e3P2/npwMBaU9mHCSCUzNln0ZCYbcfTsGbTJrU/kGemdH2IWmB2ioZ+zkxtmq6g09fGQ==}
    engines: {node: '>=0.10.0'}
    dependencies:
      loose-envify: 1.4.0
    dev: true

  /regenerator-runtime@0.13.11:
    resolution: {integrity: sha512-kY1AZVr2Ra+t+piVaJ4gxaFaReZVH40AKNo7UCX6W+dEwBo/2oZJzqfuN1qLq1oL45o56cPaTXELwrTh8Fpggg==}
    dev: true

  /typescript@5.0.4:
    resolution: {integrity: sha512-cW9T5W9xY37cc+jfEnaUvX91foxtHkza3Nw3wkoF4sSlKn0MONdkdEndig/qPBWXNkmplh3NzayQzCiHM4/hqw==}
    engines: {node: '>=12.20'}
    hasBin: true
    dev: true
